
Microsoft Visual Studio Solution File, Format Version 12.00
# Visual Studio Version 17
VisualStudioVersion = 17.13.35806.99 d17.13
MinimumVisualStudioVersion = 10.0.40219.1
Project("{FAE04EC0-301F-11D3-BF4B-00C04F79EFBC}") = "DashboardAudio", "DashboardAudio.csproj", "{69C7E24F-77FD-48AA-8FAC-B20D99EFD48E}"
EndProject
Global
	GlobalSection(SolutionConfigurationPlatforms) = preSolution
		Debug|Any CPU = Debug|Any CPU
		Release|Any CPU = Release|Any CPU
	EndGlobalSection
	GlobalSection(ProjectConfigurationPlatforms) = postSolution
		{69C7E24F-77FD-48AA-8FAC-B20D99EFD48E}.Debug|Any CPU.ActiveCfg = Debug|Any CPU
		{69C7E24F-77FD-48AA-8FAC-B20D99EFD48E}.Debug|Any CPU.Build.0 = Debug|Any CPU
		{69C7E24F-77FD-48AA-8FAC-B20D99EFD48E}.Release|Any CPU.ActiveCfg = Release|Any CPU
		{69C7E24F-77FD-48AA-8FAC-B20D99EFD48E}.Release|Any CPU.Build.0 = Release|Any CPU
	EndGlobalSection
	GlobalSection(SolutionProperties) = preSolution
		HideSolutionNode = FALSE
	EndGlobalSection
	GlobalSection(ExtensibilityGlobals) = postSolution
		SolutionGuid = {1B63FB08-39C0-4F71-8B4A-A69256E11176}
	EndGlobalSection
EndGlobal
